
Microsoft Visual Studio Solution File, Format Version 12.00
# Visual Studio Version 16
VisualStudioVersion = 16.0.29424.173
MinimumVisualStudioVersion = 10.0.40219.1
Project("{FAE04EC0-301F-11D3-BF4B-00C04F79EFBC}") = "SerialPortConnection", "SerialPortConnection.csproj", "{FA5E105F-BB88-433B-BBD7-5BC9CA3C2F7D}"
EndProject
Global
	GlobalSection(SolutionConfigurationPlatforms) = preSolution
		Debug|Any CPU = Debug|Any CPU
		Release|Any CPU = Release|Any CPU
	EndGlobalSection
	GlobalSection(ProjectConfigurationPlatforms) = postSolution
		{FA5E105F-BB88-433B-BBD7-5BC9CA3C2F7D}.Debug|Any CPU.ActiveCfg = Debug|Any CPU
		{FA5E105F-BB88-433B-BBD7-5BC9CA3C2F7D}.Debug|Any CPU.Build.0 = Debug|Any CPU
		{FA5E105F-BB88-433B-BBD7-5BC9CA3C2F7D}.Release|Any CPU.ActiveCfg = Release|Any CPU
		{FA5E105F-BB88-433B-BBD7-5BC9CA3C2F7D}.Release|Any CPU.Build.0 = Release|Any CPU
	EndGlobalSection
	GlobalSection(SolutionProperties) = preSolution
		HideSolutionNode = FALSE
	EndGlobalSection
	GlobalSection(ExtensibilityGlobals) = postSolution
		SolutionGuid = {66299E00-B3E4-4EA2-9AA9-5B8CE1BB8EC6}
	EndGlobalSection
EndGlobal
